{
  "name": "vscode-abap-file-formats",
  "version": "0.1.12",
  "lockfileVersion": 2,
  "requires": true,
  "packages": {
    "": {
      "name": "vscode-abap-file-formats",
      "version": "0.1.12",
      "license": "MIT",
      "devDependencies": {},
      "engines": {
        "vscode": "^1.37.1"
      }
    }
  }
}
